
Microsoft Visual Studio Solution File, Format Version 12.00
# Visual Studio 15
VisualStudioVersion = 15.0.27004.2009
MinimumVisualStudioVersion = 10.0.40219.1
Project("{FAE04EC0-301F-11D3-BF4B-00C04F79EFBC}") = "Jelling", "Jelling\Jelling.csproj", "{B182240D-2FC2-45A3-8B62-F2613CE4D975}"
EndProject
Global
	GlobalSection(SolutionConfigurationPlatforms) = preSolution
		Debug|Any CPU = Debug|Any CPU
		Release|Any CPU = Release|Any CPU
	EndGlobalSection
	GlobalSection(ProjectConfigurationPlatforms) = postSolution
		{B182240D-2FC2-45A3-8B62-F2613CE4D975}.Debug|Any CPU.ActiveCfg = Debug|Any CPU
		{B182240D-2FC2-45A3-8B62-F2613CE4D975}.Debug|Any CPU.Build.0 = Debug|Any CPU
		{B182240D-2FC2-45A3-8B62-F2613CE4D975}.Release|Any CPU.ActiveCfg = Release|Any CPU
		{B182240D-2FC2-45A3-8B62-F2613CE4D975}.Release|Any CPU.Build.0 = Release|Any CPU
	EndGlobalSection
	GlobalSection(SolutionProperties) = preSolution
		HideSolutionNode = FALSE
	EndGlobalSection
	GlobalSection(ExtensibilityGlobals) = postSolution
		SolutionGuid = {5C97EC9B-9C4C-4061-9C85-CAF6D5577728}
	EndGlobalSection
EndGlobal
